// !$*UTF8*$!
{
	archiveVersion = 1;
	classes = {
	};
	objectVersion = 55;
	objects = {

/* Begin PBXBuildFile section */
		224F53E2281D8F3100BF73AC /* DetailsViewController.swift in Sources */ = {isa = PBXBuildFile; fileRef = 224F53E1281D8F3100BF73AC /* DetailsViewController.swift */; };
		224F53E8281D97D300BF73AC /* DetailsViewModel.swift in Sources */ = {isa = PBXBuildFile; fileRef = 224F53E7281D97D200BF73AC /* DetailsViewModel.swift */; };
		224F53EA281D99A400BF73AC /* DataModel.swift in Sources */ = {isa = PBXBuildFile; fileRef = 224F53E9281D99A300BF73AC /* DataModel.swift */; };
		224F53EC281DA86C00BF73AC /* RecordModel.swift in Sources */ = {isa = PBXBuildFile; fileRef = 224F53EB281DA86C00BF73AC /* RecordModel.swift */; };
		224F53EE281DAC1A00BF73AC /* DriverModel.swift in Sources */ = {isa = PBXBuildFile; fileRef = 224F53ED281DAC1A00BF73AC /* DriverModel.swift */; };
		224F53F3281DB45C00BF73AC /* Constants.swift in Sources */ = {isa = PBXBuildFile; fileRef = 224F53F2281DB45C00BF73AC /* Constants.swift */; };
		224F53F5281DB62100BF73AC /* Response.swift in Sources */ = {isa = PBXBuildFile; fileRef = 224F53F4281DB62100BF73AC /* Response.swift */; };
		224F53F7281DCCBE00BF73AC /* CalendarExtension.swift in Sources */ = {isa = PBXBuildFile; fileRef = 224F53F6281DCCBD00BF73AC /* CalendarExtension.swift */; };
		22ECB1DE281ACF6700825218 /* AppDelegate.swift in Sources */ = {isa = PBXBuildFile; fileRef = 22ECB1DD281ACF6700825218 /* AppDelegate.swift */; };
		22ECB1E0281ACF6700825218 /* SceneDelegate.swift in Sources */ = {isa = PBXBuildFile; fileRef = 22ECB1DF281ACF6700825218 /* SceneDelegate.swift */; };
		22ECB1E2281ACF6700825218 /* SettingsViewController.swift in Sources */ = {isa = PBXBuildFile; fileRef = 22ECB1E1281ACF6700825218 /* SettingsViewController.swift */; };
		22ECB1E5281ACF6700825218 /* Main.storyboard in Resources */ = {isa = PBXBuildFile; fileRef = 22ECB1E3281ACF6700825218 /* Main.storyboard */; };
		22ECB1E7281ACF6D00825218 /* Assets.xcassets in Resources */ = {isa = PBXBuildFile; fileRef = 22ECB1E6281ACF6D00825218 /* Assets.xcassets */; };
		22ECB1EA281ACF6D00825218 /* LaunchScreen.storyboard in Resources */ = {isa = PBXBuildFile; fileRef = 22ECB1E8281ACF6D00825218 /* LaunchScreen.storyboard */; };
		22ECB1F5281ACF6D00825218 /* CarroTests.swift in Sources */ = {isa = PBXBuildFile; fileRef = 22ECB1F4281ACF6D00825218 /* CarroTests.swift */; };
		22ECB1FF281ACF6D00825218 /* CarroUITests.swift in Sources */ = {isa = PBXBuildFile; fileRef = 22ECB1FE281ACF6D00825218 /* CarroUITests.swift */; };
		22ECB201281ACF6D00825218 /* CarroUITestsLaunchTests.swift in Sources */ = {isa = PBXBuildFile; fileRef = 22ECB200281ACF6D00825218 /* CarroUITestsLaunchTests.swift */; };
		63CD19C9DBBAA8A853210482 /* Pods_CarroTests.framework in Frameworks */ = {isa = PBXBuildFile; fileRef = 99B8E0917586231694A17056 /* Pods_CarroTests.framework */; };
		8A985EB346EE851F3E474727 /* Pods_Carro.framework in Frameworks */ = {isa = PBXBuildFile; fileRef = 7ABE32A12E1C7C21FC91DBD5 /* Pods_Carro.framework */; };
		95BB492594EDB62A4BA1C6B3 /* Pods_Carro_CarroUITests.framework in Frameworks */ = {isa = PBXBuildFile; fileRef = 977E31BCE60A5CE63F1D5C1A /* Pods_Carro_CarroUITests.framework */; };
/* End PBXBuildFile section */

/* Begin PBXContainerItemProxy section */
		22ECB1F1281ACF6D00825218 /* PBXContainerItemProxy */ = {
			isa = PBXContainerItemProxy;
			containerPortal = 22ECB1D2281ACF6700825218 /* Project object */;
			proxyType = 1;
			remoteGlobalIDString = 22ECB1D9281ACF6700825218;
			remoteInfo = Carro;
		};
		22ECB1FB281ACF6D00825218 /* PBXContainerItemProxy */ = {
			isa = PBXContainerItemProxy;
			containerPortal = 22ECB1D2281ACF6700825218 /* Project object */;
			proxyType = 1;
			remoteGlobalIDString = 22ECB1D9281ACF6700825218;
			remoteInfo = Carro;
		};
/* End PBXContainerItemProxy section */

/* Begin PBXFileReference section */
		0235E9663CC625FCFD7B036D /* Pods-CarroTests.release.xcconfig */ = {isa = PBXFileReference; includeInIndex = 1; lastKnownFileType = text.xcconfig; name = "Pods-CarroTests.release.xcconfig"; path = "Target Support Files/Pods-CarroTests/Pods-CarroTests.release.xcconfig"; sourceTree = "<group>"; };
		224F53E1281D8F3100BF73AC /* DetailsViewController.swift */ = {isa = PBXFileReference; lastKnownFileType = sourcecode.swift; path = DetailsViewController.swift; sourceTree = "<group>"; };
		224F53E7281D97D200BF73AC /* DetailsViewModel.swift */ = {isa = PBXFileReference; lastKnownFileType = sourcecode.swift; path = DetailsViewModel.swift; sourceTree = "<group>"; };
		224F53E9281D99A300BF73AC /* DataModel.swift */ = {isa = PBXFileReference; lastKnownFileType = sourcecode.swift; path = DataModel.swift; sourceTree = "<group>"; };
		224F53EB281DA86C00BF73AC /* RecordModel.swift */ = {isa = PBXFileReference; lastKnownFileType = sourcecode.swift; path = RecordModel.swift; sourceTree = "<group>"; };
		224F53ED281DAC1A00BF73AC /* DriverModel.swift */ = {isa = PBXFileReference; lastKnownFileType = sourcecode.swift; path = DriverModel.swift; sourceTree = "<group>"; };
		224F53F2281DB45C00BF73AC /* Constants.swift */ = {isa = PBXFileReference; lastKnownFileType = sourcecode.swift; path = Constants.swift; sourceTree = "<group>"; };
		224F53F4281DB62100BF73AC /* Response.swift */ = {isa = PBXFileReference; lastKnownFileType = sourcecode.swift; path = Response.swift; sourceTree = "<group>"; };
		224F53F6281DCCBD00BF73AC /* CalendarExtension.swift */ = {isa = PBXFileReference; lastKnownFileType = sourcecode.swift; path = CalendarExtension.swift; sourceTree = "<group>"; };
		22ECB1DA281ACF6700825218 /* Carro.app */ = {isa = PBXFileReference; explicitFileType = wrapper.application; includeInIndex = 0; path = Carro.app; sourceTree = BUILT_PRODUCTS_DIR; };
		22ECB1DD281ACF6700825218 /* AppDelegate.swift */ = {isa = PBXFileReference; lastKnownFileType = sourcecode.swift; path = AppDelegate.swift; sourceTree = "<group>"; };
		22ECB1DF281ACF6700825218 /* SceneDelegate.swift */ = {isa = PBXFileReference; lastKnownFileType = sourcecode.swift; path = SceneDelegate.swift; sourceTree = "<group>"; };
		22ECB1E1281ACF6700825218 /* SettingsViewController.swift */ = {isa = PBXFileReference; lastKnownFileType = sourcecode.swift; path = SettingsViewController.swift; sourceTree = "<group>"; };
		22ECB1E4281ACF6700825218 /* Base */ = {isa = PBXFileReference; lastKnownFileType = file.storyboard; name = Base; path = Base.lproj/Main.storyboard; sourceTree = "<group>"; };
		22ECB1E6281ACF6D00825218 /* Assets.xcassets */ = {isa = PBXFileReference; lastKnownFileType = folder.assetcatalog; path = Assets.xcassets; sourceTree = "<group>"; };
		22ECB1E9281ACF6D00825218 /* Base */ = {isa = PBXFileReference; lastKnownFileType = file.storyboard; name = Base; path = Base.lproj/LaunchScreen.storyboard; sourceTree = "<group>"; };
		22ECB1EB281ACF6D00825218 /* Info.plist */ = {isa = PBXFileReference; lastKnownFileType = text.plist.xml; path = Info.plist; sourceTree = "<group>"; };
		22ECB1F0281ACF6D00825218 /* CarroTests.xctest */ = {isa = PBXFileReference; explicitFileType = wrapper.cfbundle; includeInIndex = 0; path = CarroTests.xctest; sourceTree = BUILT_PRODUCTS_DIR; };
		22ECB1F4281ACF6D00825218 /* CarroTests.swift */ = {isa = PBXFileReference; lastKnownFileType = sourcecode.swift; path = CarroTests.swift; sourceTree = "<group>"; };
		22ECB1FA281ACF6D00825218 /* CarroUITests.xctest */ = {isa = PBXFileReference; explicitFileType = wrapper.cfbundle; includeInIndex = 0; path = CarroUITests.xctest; sourceTree = BUILT_PRODUCTS_DIR; };
		22ECB1FE281ACF6D00825218 /* CarroUITests.swift */ = {isa = PBXFileReference; lastKnownFileType = sourcecode.swift; path = CarroUITests.swift; sourceTree = "<group>"; };
		22ECB200281ACF6D00825218 /* CarroUITestsLaunchTests.swift */ = {isa = PBXFileReference; lastKnownFileType = sourcecode.swift; path = CarroUITestsLaunchTests.swift; sourceTree = "<group>"; };
		7ABE32A12E1C7C21FC91DBD5 /* Pods_Carro.framework */ = {isa = PBXFileReference; explicitFileType = wrapper.framework; includeInIndex = 0; path = Pods_Carro.framework; sourceTree = BUILT_PRODUCTS_DIR; };
		7B3FA95A68EA203DD9E21180 /* Pods-Carro.release.xcconfig */ = {isa = PBXFileReference; includeInIndex = 1; lastKnownFileType = text.xcconfig; name = "Pods-Carro.release.xcconfig"; path = "Target Support Files/Pods-Carro/Pods-Carro.release.xcconfig"; sourceTree = "<group>"; };
		838F88639C1C17AA875C0502 /* Pods-Carro.debug.xcconfig */ = {isa = PBXFileReference; includeInIndex = 1; lastKnownFileType = text.xcconfig; name = "Pods-Carro.debug.xcconfig"; path = "Target Support Files/Pods-Carro/Pods-Carro.debug.xcconfig"; sourceTree = "<group>"; };
		977E31BCE60A5CE63F1D5C1A /* Pods_Carro_CarroUITests.framework */ = {isa = PBXFileReference; explicitFileType = wrapper.framework; includeInIndex = 0; path = Pods_Carro_CarroUITests.framework; sourceTree = BUILT_PRODUCTS_DIR; };
		99B8E0917586231694A17056 /* Pods_CarroTests.framework */ = {isa = PBXFileReference; explicitFileType = wrapper.framework; includeInIndex = 0; path = Pods_CarroTests.framework; sourceTree = BUILT_PRODUCTS_DIR; };
		DD64575E412FC82EBF389BDC /* Pods-Carro-CarroUITests.debug.xcconfig */ = {isa = PBXFileReference; includeInIndex = 1; lastKnownFileType = text.xcconfig; name = "Pods-Carro-CarroUITests.debug.xcconfig"; path = "Target Support Files/Pods-Carro-CarroUITests/Pods-Carro-CarroUITests.debug.xcconfig"; sourceTree = "<group>"; };
		E4B80B5B64355774359258E1 /* Pods-Carro-CarroUITests.release.xcconfig */ = {isa = PBXFileReference; includeInIndex = 1; lastKnownFileType = text.xcconfig; name = "Pods-Carro-CarroUITests.release.xcconfig"; path = "Target Support Files/Pods-Carro-CarroUITests/Pods-Carro-CarroUITests.release.xcconfig"; sourceTree = "<group>"; };
		F2ED5B1C78900A529617F3D1 /* Pods-CarroTests.debug.xcconfig */ = {isa = PBXFileReference; includeInIndex = 1; lastKnownFileType = text.xcconfig; name = "Pods-CarroTests.debug.xcconfig"; path = "Target Support Files/Pods-CarroTests/Pods-CarroTests.debug.xcconfig"; sourceTree = "<group>"; };
/* End PBXFileReference section */

/* Begin PBXFrameworksBuildPhase section */
		22ECB1D7281ACF6700825218 /* Frameworks */ = {
			isa = PBXFrameworksBuildPhase;
			buildActionMask = 2147483647;
			files = (
				8A985EB346EE851F3E474727 /* Pods_Carro.framework in Frameworks */,
			);
			runOnlyForDeploymentPostprocessing = 0;
		};
		22ECB1ED281ACF6D00825218 /* Frameworks */ = {
			isa = PBXFrameworksBuildPhase;
			buildActionMask = 2147483647;
			files = (
				63CD19C9DBBAA8A853210482 /* Pods_CarroTests.framework in Frameworks */,
			);
			runOnlyForDeploymentPostprocessing = 0;
		};
		22ECB1F7281ACF6D00825218 /* Frameworks */ = {
			isa = PBXFrameworksBuildPhase;
			buildActionMask = 2147483647;
			files = (
				95BB492594EDB62A4BA1C6B3 /* Pods_Carro_CarroUITests.framework in Frameworks */,
			);
			runOnlyForDeploymentPostprocessing = 0;
		};
/* End PBXFrameworksBuildPhase section */

/* Begin PBXGroup section */
		0825364BE5729C53FA1DB020 /* Frameworks */ = {
			isa = PBXGroup;
			children = (
				7ABE32A12E1C7C21FC91DBD5 /* Pods_Carro.framework */,
				977E31BCE60A5CE63F1D5C1A /* Pods_Carro_CarroUITests.framework */,
				99B8E0917586231694A17056 /* Pods_CarroTests.framework */,
			);
			name = Frameworks;
			sourceTree = "<group>";
		};
		224F53E3281D904500BF73AC /* Models */ = {
			isa = PBXGroup;
			children = (
				224F53E9281D99A300BF73AC /* DataModel.swift */,
				224F53EB281DA86C00BF73AC /* RecordModel.swift */,
				224F53ED281DAC1A00BF73AC /* DriverModel.swift */,
				224F53F4281DB62100BF73AC /* Response.swift */,
			);
			path = Models;
			sourceTree = "<group>";
		};
		224F53E4281D905100BF73AC /* Views */ = {
			isa = PBXGroup;
			children = (
			);
			path = Views;
			sourceTree = "<group>";
		};
		224F53E5281D90F300BF73AC /* ViewModels */ = {
			isa = PBXGroup;
			children = (
				224F53E7281D97D200BF73AC /* DetailsViewModel.swift */,
			);
			path = ViewModels;
			sourceTree = "<group>";
		};
		224F53E6281D912F00BF73AC /* ViewControllers */ = {
			isa = PBXGroup;
			children = (
				22ECB1E1281ACF6700825218 /* SettingsViewController.swift */,
				224F53E1281D8F3100BF73AC /* DetailsViewController.swift */,
			);
			path = ViewControllers;
			sourceTree = "<group>";
		};
		224F53F1281DB42800BF73AC /* Constants */ = {
			isa = PBXGroup;
			children = (
				224F53F2281DB45C00BF73AC /* Constants.swift */,
			);
			path = Constants;
			sourceTree = "<group>";
		};
		224F53F8281DCCC600BF73AC /* Extensions */ = {
			isa = PBXGroup;
			children = (
				224F53F6281DCCBD00BF73AC /* CalendarExtension.swift */,
			);
			path = Extensions;
			sourceTree = "<group>";
		};
		22ECB1D1281ACF6700825218 = {
			isa = PBXGroup;
			children = (
				22ECB1DC281ACF6700825218 /* Carro */,
				22ECB1F3281ACF6D00825218 /* CarroTests */,
				22ECB1FD281ACF6D00825218 /* CarroUITests */,
				22ECB1DB281ACF6700825218 /* Products */,
				B40E09AF32BCD9096BE26D80 /* Pods */,
				0825364BE5729C53FA1DB020 /* Frameworks */,
			);
			sourceTree = "<group>";
		};
		22ECB1DB281ACF6700825218 /* Products */ = {
			isa = PBXGroup;
			children = (
				22ECB1DA281ACF6700825218 /* Carro.app */,
				22ECB1F0281ACF6D00825218 /* CarroTests.xctest */,
				22ECB1FA281ACF6D00825218 /* CarroUITests.xctest */,
			);
			name = Products;
			sourceTree = "<group>";
		};
		22ECB1DC281ACF6700825218 /* Carro */ = {
			isa = PBXGroup;
			children = (
				224F53F1281DB42800BF73AC /* Constants */,
				224F53E6281D912F00BF73AC /* ViewControllers */,
				224F53E5281D90F300BF73AC /* ViewModels */,
				224F53E4281D905100BF73AC /* Views */,
				224F53E3281D904500BF73AC /* Models */,
				22ECB1DD281ACF6700825218 /* AppDelegate.swift */,
				22ECB1DF281ACF6700825218 /* SceneDelegate.swift */,
				22ECB1E3281ACF6700825218 /* Main.storyboard */,
				22ECB1E6281ACF6D00825218 /* Assets.xcassets */,
				22ECB1E8281ACF6D00825218 /* LaunchScreen.storyboard */,
				22ECB1EB281ACF6D00825218 /* Info.plist */,
				224F53F8281DCCC600BF73AC /* Extensions */,
			);
			path = Carro;
			sourceTree = "<group>";
		};
		22ECB1F3281ACF6D00825218 /* CarroTests */ = {
			isa = PBXGroup;
			children = (
				22ECB1F4281ACF6D00825218 /* CarroTests.swift */,
			);
			path = CarroTests;
			sourceTree = "<group>";
		};
		22ECB1FD281ACF6D00825218 /* CarroUITests */ = {
			isa = PBXGroup;
			children = (
				22ECB1FE281ACF6D00825218 /* CarroUITests.swift */,
				22ECB200281ACF6D00825218 /* CarroUITestsLaunchTests.swift */,
			);
			path = CarroUITests;
			sourceTree = "<group>";
		};
		B40E09AF32BCD9096BE26D80 /* Pods */ = {
			isa = PBXGroup;
			children = (
				838F88639C1C17AA875C0502 /* Pods-Carro.debug.xcconfig */,
				7B3FA95A68EA203DD9E21180 /* Pods-Carro.release.xcconfig */,
				DD64575E412FC82EBF389BDC /* Pods-Carro-CarroUITests.debug.xcconfig */,
				E4B80B5B64355774359258E1 /* Pods-Carro-CarroUITests.release.xcconfig */,
				F2ED5B1C78900A529617F3D1 /* Pods-CarroTests.debug.xcconfig */,
				0235E9663CC625FCFD7B036D /* Pods-CarroTests.release.xcconfig */,
			);
			path = Pods;
			sourceTree = "<group>";
		};
/* End PBXGroup section */

/* Begin PBXNativeTarget section */
		22ECB1D9281ACF6700825218 /* Carro */ = {
			isa = PBXNativeTarget;
			buildConfigurationList = 22ECB204281ACF6D00825218 /* Build configuration list for PBXNativeTarget "Carro" */;
			buildPhases = (
				C97CA8A6FE7D77BE755991B4 /* [CP] Check Pods Manifest.lock */,
				22ECB1D6281ACF6700825218 /* Sources */,
				22ECB1D7281ACF6700825218 /* Frameworks */,
				22ECB1D8281ACF6700825218 /* Resources */,
				EFA08E2C453A56BD648FCEE6 /* [CP] Embed Pods Frameworks */,
			);
			buildRules = (
			);
			dependencies = (
			);
			name = Carro;
			productName = Carro;
			productReference = 22ECB1DA281ACF6700825218 /* Carro.app */;
			productType = "com.apple.product-type.application";
		};
		22ECB1EF281ACF6D00825218 /* CarroTests */ = {
			isa = PBXNativeTarget;
			buildConfigurationList = 22ECB207281ACF6D00825218 /* Build configuration list for PBXNativeTarget "CarroTests" */;
			buildPhases = (
				0632761F407A2FC226221181 /* [CP] Check Pods Manifest.lock */,
				22ECB1EC281ACF6D00825218 /* Sources */,
				22ECB1ED281ACF6D00825218 /* Frameworks */,
				22ECB1EE281ACF6D00825218 /* Resources */,
			);
			buildRules = (
			);
			dependencies = (
				22ECB1F2281ACF6D00825218 /* PBXTargetDependency */,
			);
			name = CarroTests;
			productName = CarroTests;
			productReference = 22ECB1F0281ACF6D00825218 /* CarroTests.xctest */;
			productType = "com.apple.product-type.bundle.unit-test";
		};
		22ECB1F9281ACF6D00825218 /* CarroUITests */ = {
			isa = PBXNativeTarget;
			buildConfigurationList = 22ECB20A281ACF6D00825218 /* Build configuration list for PBXNativeTarget "CarroUITests" */;
			buildPhases = (
				080247681186EA3967F833CE /* [CP] Check Pods Manifest.lock */,
				22ECB1F6281ACF6D00825218 /* Sources */,
				22ECB1F7281ACF6D00825218 /* Frameworks */,
				22ECB1F8281ACF6D00825218 /* Resources */,
				DFAA9C81B0821954A5F02D29 /* [CP] Embed Pods Frameworks */,
			);
			buildRules = (
			);
			dependencies = (
				22ECB1FC281ACF6D00825218 /* PBXTargetDependency */,
			);
			name = CarroUITests;
			productName = CarroUITests;
			productReference = 22ECB1FA281ACF6D00825218 /* CarroUITests.xctest */;
			productType = "com.apple.product-type.bundle.ui-testing";
		};
/* End PBXNativeTarget section */

/* Begin PBXProject section */
		22ECB1D2281ACF6700825218 /* Project object */ = {
			isa = PBXProject;
			attributes = {
				BuildIndependentTargetsInParallel = 1;
				LastSwiftUpdateCheck = 1330;
				LastUpgradeCheck = 1330;
				TargetAttributes = {
					22ECB1D9281ACF6700825218 = {
						CreatedOnToolsVersion = 13.3.1;
					};
					22ECB1EF281ACF6D00825218 = {
						CreatedOnToolsVersion = 13.3.1;
						TestTargetID = 22ECB1D9281ACF6700825218;
					};
					22ECB1F9281ACF6D00825218 = {
						CreatedOnToolsVersion = 13.3.1;
						TestTargetID = 22ECB1D9281ACF6700825218;
					};
				};
			};
			buildConfigurationList = 22ECB1D5281ACF6700825218 /* Build configuration list for PBXProject "Carro" */;
			compatibilityVersion = "Xcode 13.0";
			developmentRegion = en;
			hasScannedForEncodings = 0;
			knownRegions = (
				en,
				Base,
			);
			mainGroup = 22ECB1D1281ACF6700825218;
			productRefGroup = 22ECB1DB281ACF6700825218 /* Products */;
			projectDirPath = "";
			projectRoot = "";
			targets = (
				22ECB1D9281ACF6700825218 /* Carro */,
				22ECB1EF281ACF6D00825218 /* CarroTests */,
				22ECB1F9281ACF6D00825218 /* CarroUITests */,
			);
		};
/* End PBXProject section */

/* Begin PBXResourcesBuildPhase section */
		22ECB1D8281ACF6700825218 /* Resources */ = {
			isa = PBXResourcesBuildPhase;
			buildActionMask = 2147483647;
			files = (
				22ECB1EA281ACF6D00825218 /* LaunchScreen.storyboard in Resources */,
				22ECB1E7281ACF6D00825218 /* Assets.xcassets in Resources */,
				22ECB1E5281ACF6700825218 /* Main.storyboard in Resources */,
			);
			runOnlyForDeploymentPostprocessing = 0;
		};
		22ECB1EE281ACF6D00825218 /* Resources */ = {
			isa = PBXResourcesBuildPhase;
			buildActionMask = 2147483647;
			files = (
			);
			runOnlyForDeploymentPostprocessing = 0;
		};
		22ECB1F8281ACF6D00825218 /* Resources */ = {
			isa = PBXResourcesBuildPhase;
			buildActionMask = 2147483647;
			files = (
			);
			runOnlyForDeploymentPostprocessing = 0;
		};
/* End PBXResourcesBuildPhase section */

/* Begin PBXShellScriptBuildPhase section */
		0632761F407A2FC226221181 /* [CP] Check Pods Manifest.lock */ = {
			isa = PBXShellScriptBuildPhase;
			buildActionMask = 2147483647;
			files = (
			);
			inputFileListPaths = (
			);
			inputPaths = (
				"${PODS_PODFILE_DIR_PATH}/Podfile.lock",
				"${PODS_ROOT}/Manifest.lock",
			);
			name = "[CP] Check Pods Manifest.lock";
			outputFileListPaths = (
			);
			outputPaths = (
				"$(DERIVED_FILE_DIR)/Pods-CarroTests-checkManifestLockResult.txt",
			);
			runOnlyForDeploymentPostprocessing = 0;
			shellPath = /bin/sh;
			shellScript = "diff \"${PODS_PODFILE_DIR_PATH}/Podfile.lock\" \"${PODS_ROOT}/Manifest.lock\" > /dev/null\nif [ $? != 0 ] ; then\n    # print error to STDERR\n    echo \"error: The sandbox is not in sync with the Podfile.lock. Run 'pod install' or update your CocoaPods installation.\" >&2\n    exit 1\nfi\n# This output is used by Xcode 'outputs' to avoid re-running this script phase.\necho \"SUCCESS\" > \"${SCRIPT_OUTPUT_FILE_0}\"\n";
			showEnvVarsInLog = 0;
		};
		080247681186EA3967F833CE /* [CP] Check Pods Manifest.lock */ = {
			isa = PBXShellScriptBuildPhase;
			buildActionMask = 2147483647;
			files = (
			);
			inputFileListPaths = (
			);
			inputPaths = (
				"${PODS_PODFILE_DIR_PATH}/Podfile.lock",
				"${PODS_ROOT}/Manifest.lock",
			);
			name = "[CP] Check Pods Manifest.lock";
			outputFileListPaths = (
			);
			outputPaths = (
				"$(DERIVED_FILE_DIR)/Pods-Carro-CarroUITests-checkManifestLockResult.txt",
			);
			runOnlyForDeploymentPostprocessing = 0;
			shellPath = /bin/sh;
			shellScript = "diff \"${PODS_PODFILE_DIR_PATH}/Podfile.lock\" \"${PODS_ROOT}/Manifest.lock\" > /dev/null\nif [ $? != 0 ] ; then\n    # print error to STDERR\n    echo \"error: The sandbox is not in sync with the Podfile.lock. Run 'pod install' or update your CocoaPods installation.\" >&2\n    exit 1\nfi\n# This output is used by Xcode 'outputs' to avoid re-running this script phase.\necho \"SUCCESS\" > \"${SCRIPT_OUTPUT_FILE_0}\"\n";
			showEnvVarsInLog = 0;
		};
		C97CA8A6FE7D77BE755991B4 /* [CP] Check Pods Manifest.lock */ = {
			isa = PBXShellScriptBuildPhase;
			buildActionMask = 2147483647;
			files = (
			);
			inputFileListPaths = (
			);
			inputPaths = (
				"${PODS_PODFILE_DIR_PATH}/Podfile.lock",
				"${PODS_ROOT}/Manifest.lock",
			);
			name = "[CP] Check Pods Manifest.lock";
			outputFileListPaths = (
			);
			outputPaths = (
				"$(DERIVED_FILE_DIR)/Pods-Carro-checkManifestLockResult.txt",
			);
			runOnlyForDeploymentPostprocessing = 0;
			shellPath = /bin/sh;
			shellScript = "diff \"${PODS_PODFILE_DIR_PATH}/Podfile.lock\" \"${PODS_ROOT}/Manifest.lock\" > /dev/null\nif [ $? != 0 ] ; then\n    # print error to STDERR\n    echo \"error: The sandbox is not in sync with the Podfile.lock. Run 'pod install' or update your CocoaPods installation.\" >&2\n    exit 1\nfi\n# This output is used by Xcode 'outputs' to avoid re-running this script phase.\necho \"SUCCESS\" > \"${SCRIPT_OUTPUT_FILE_0}\"\n";
			showEnvVarsInLog = 0;
		};
		DFAA9C81B0821954A5F02D29 /* [CP] Embed Pods Frameworks */ = {
			isa = PBXShellScriptBuildPhase;
			buildActionMask = 2147483647;
			files = (
			);
			inputFileListPaths = (
				"${PODS_ROOT}/Target Support Files/Pods-Carro-CarroUITests/Pods-Carro-CarroUITests-frameworks-${CONFIGURATION}-input-files.xcfilelist",
			);
			name = "[CP] Embed Pods Frameworks";
			outputFileListPaths = (
				"${PODS_ROOT}/Target Support Files/Pods-Carro-CarroUITests/Pods-Carro-CarroUITests-frameworks-${CONFIGURATION}-output-files.xcfilelist",
			);
			runOnlyForDeploymentPostprocessing = 0;
			shellPath = /bin/sh;
			shellScript = "\"${PODS_ROOT}/Target Support Files/Pods-Carro-CarroUITests/Pods-Carro-CarroUITests-frameworks.sh\"\n";
			showEnvVarsInLog = 0;
		};
		EFA08E2C453A56BD648FCEE6 /* [CP] Embed Pods Frameworks */ = {
			isa = PBXShellScriptBuildPhase;
			buildActionMask = 2147483647;
			files = (
			);
			inputFileListPaths = (
				"${PODS_ROOT}/Target Support Files/Pods-Carro/Pods-Carro-frameworks-${CONFIGURATION}-input-files.xcfilelist",
			);
			name = "[CP] Embed Pods Frameworks";
			outputFileListPaths = (
				"${PODS_ROOT}/Target Support Files/Pods-Carro/Pods-Carro-frameworks-${CONFIGURATION}-output-files.xcfilelist",
			);
			runOnlyForDeploymentPostprocessing = 0;
			shellPath = /bin/sh;
			shellScript = "\"${PODS_ROOT}/Target Support Files/Pods-Carro/Pods-Carro-frameworks.sh\"\n";
			showEnvVarsInLog = 0;
		};
/* End PBXShellScriptBuildPhase section */

/* Begin PBXSourcesBuildPhase section */
		22ECB1D6281ACF6700825218 /* Sources */ = {
			isa = PBXSourcesBuildPhase;
			buildActionMask = 2147483647;
			files = (
				22ECB1E2281ACF6700825218 /* SettingsViewController.swift in Sources */,
				224F53EE281DAC1A00BF73AC /* DriverModel.swift in Sources */,
				22ECB1DE281ACF6700825218 /* AppDelegate.swift in Sources */,
				224F53F7281DCCBE00BF73AC /* CalendarExtension.swift in Sources */,
				224F53E8281D97D300BF73AC /* DetailsViewModel.swift in Sources */,
				224F53F5281DB62100BF73AC /* Response.swift in Sources */,
				22ECB1E0281ACF6700825218 /* SceneDelegate.swift in Sources */,
				224F53EC281DA86C00BF73AC /* RecordModel.swift in Sources */,
				224F53EA281D99A400BF73AC /* DataModel.swift in Sources */,
				224F53E2281D8F3100BF73AC /* DetailsViewController.swift in Sources */,
				224F53F3281DB45C00BF73AC /* Constants.swift in Sources */,
			);
			runOnlyForDeploymentPostprocessing = 0;
		};
		22ECB1EC281ACF6D00825218 /* Sources */ = {
			isa = PBXSourcesBuildPhase;
			buildActionMask = 2147483647;
			files = (
				22ECB1F5281ACF6D00825218 /* CarroTests.swift in Sources */,
			);
			runOnlyForDeploymentPostprocessing = 0;
		};
		22ECB1F6281ACF6D00825218 /* Sources */ = {
			isa = PBXSourcesBuildPhase;
			buildActionMask = 2147483647;
			files = (
				22ECB201281ACF6D00825218 /* CarroUITestsLaunchTests.swift in Sources */,
				22ECB1FF281ACF6D00825218 /* CarroUITests.swift in Sources */,
			);
			runOnlyForDeploymentPostprocessing = 0;
		};
/* End PBXSourcesBuildPhase section */

/* Begin PBXTargetDependency section */
		22ECB1F2281ACF6D00825218 /* PBXTargetDependency */ = {
			isa = PBXTargetDependency;
			target = 22ECB1D9281ACF6700825218 /* Carro */;
			targetProxy = 22ECB1F1281ACF6D00825218 /* PBXContainerItemProxy */;
		};
		22ECB1FC281ACF6D00825218 /* PBXTargetDependency */ = {
			isa = PBXTargetDependency;
			target = 22ECB1D9281ACF6700825218 /* Carro */;
			targetProxy = 22ECB1FB281ACF6D00825218 /* PBXContainerItemProxy */;
		};
/* End PBXTargetDependency section */

/* Begin PBXVariantGroup section */
		22ECB1E3281ACF6700825218 /* Main.storyboard */ = {
			isa = PBXVariantGroup;
			children = (
				22ECB1E4281ACF6700825218 /* Base */,
			);
			name = Main.storyboard;
			sourceTree = "<group>";
		};
		22ECB1E8281ACF6D00825218 /* LaunchScreen.storyboard */ = {
			isa = PBXVariantGroup;
			children = (
				22ECB1E9281ACF6D00825218 /* Base */,
			);
			name = LaunchScreen.storyboard;
			sourceTree = "<group>";
		};
/* End PBXVariantGroup section */

/* Begin XCBuildConfiguration section */
		22ECB202281ACF6D00825218 /* Debug */ = {
			isa = XCBuildConfiguration;
			buildSettings = {
				ALWAYS_SEARCH_USER_PATHS = NO;
				CLANG_ANALYZER_NONNULL = YES;
				CLANG_ANALYZER_NUMBER_OBJECT_CONVERSION = YES_AGGRESSIVE;
				CLANG_CXX_LANGUAGE_STANDARD = "gnu++17";
				CLANG_ENABLE_MODULES = YES;
				CLANG_ENABLE_OBJC_ARC = YES;
				CLANG_ENABLE_OBJC_WEAK = YES;
				CLANG_WARN_BLOCK_CAPTURE_AUTORELEASING = YES;
				CLANG_WARN_BOOL_CONVERSION = YES;
				CLANG_WARN_COMMA = YES;
				CLANG_WARN_CONSTANT_CONVERSION = YES;
				CLANG_WARN_DEPRECATED_OBJC_IMPLEMENTATIONS = YES;
				CLANG_WARN_DIRECT_OBJC_ISA_USAGE = YES_ERROR;
				CLANG_WARN_DOCUMENTATION_COMMENTS = YES;
				CLANG_WARN_EMPTY_BODY = YES;
				CLANG_WARN_ENUM_CONVERSION = YES;
				CLANG_WARN_INFINITE_RECURSION = YES;
				CLANG_WARN_INT_CONVERSION = YES;
				CLANG_WARN_NON_LITERAL_NULL_CONVERSION = YES;
				CLANG_WARN_OBJC_IMPLICIT_RETAIN_SELF = YES;
				CLANG_WARN_OBJC_LITERAL_CONVERSION = YES;
				CLANG_WARN_OBJC_ROOT_CLASS = YES_ERROR;
				CLANG_WARN_QUOTED_INCLUDE_IN_FRAMEWORK_HEADER = YES;
				CLANG_WARN_RANGE_LOOP_ANALYSIS = YES;
				CLANG_WARN_STRICT_PROTOTYPES = YES;
				CLANG_WARN_SUSPICIOUS_MOVE = YES;
				CLANG_WARN_UNGUARDED_AVAILABILITY = YES_AGGRESSIVE;
				CLANG_WARN_UNREACHABLE_CODE = YES;
				CLANG_WARN__DUPLICATE_METHOD_MATCH = YES;
				COPY_PHASE_STRIP = NO;
				DEBUG_INFORMATION_FORMAT = dwarf;
				ENABLE_STRICT_OBJC_MSGSEND = YES;
				ENABLE_TESTABILITY = YES;
				GCC_C_LANGUAGE_STANDARD = gnu11;
				GCC_DYNAMIC_NO_PIC = NO;
				GCC_NO_COMMON_BLOCKS = YES;
				GCC_OPTIMIZATION_LEVEL = 0;
				GCC_PREPROCESSOR_DEFINITIONS = (
					"DEBUG=1",
					"$(inherited)",
				);
				GCC_WARN_64_TO_32_BIT_CONVERSION = YES;
				GCC_WARN_ABOUT_RETURN_TYPE = YES_ERROR;
				GCC_WARN_UNDECLARED_SELECTOR = YES;
				GCC_WARN_UNINITIALIZED_AUTOS = YES_AGGRESSIVE;
				GCC_WARN_UNUSED_FUNCTION = YES;
				GCC_WARN_UNUSED_VARIABLE = YES;
				IPHONEOS_DEPLOYMENT_TARGET = 15.4;
				MTL_ENABLE_DEBUG_INFO = INCLUDE_SOURCE;
				MTL_FAST_MATH = YES;
				ONLY_ACTIVE_ARCH = YES;
				SDKROOT = iphoneos;
				SWIFT_ACTIVE_COMPILATION_CONDITIONS = DEBUG;
				SWIFT_OPTIMIZATION_LEVEL = "-Onone";
			};
			name = Debug;
		};
		22ECB203281ACF6D00825218 /* Release */ = {
			isa = XCBuildConfiguration;
			buildSettings = {
				ALWAYS_SEARCH_USER_PATHS = NO;
				CLANG_ANALYZER_NONNULL = YES;
				CLANG_ANALYZER_NUMBER_OBJECT_CONVERSION = YES_AGGRESSIVE;
				CLANG_CXX_LANGUAGE_STANDARD = "gnu++17";
				CLANG_ENABLE_MODULES = YES;
				CLANG_ENABLE_OBJC_ARC = YES;
				CLANG_ENABLE_OBJC_WEAK = YES;
				CLANG_WARN_BLOCK_CAPTURE_AUTORELEASING = YES;
				CLANG_WARN_BOOL_CONVERSION = YES;
				CLANG_WARN_COMMA = YES;
				CLANG_WARN_CONSTANT_CONVERSION = YES;
				CLANG_WARN_DEPRECATED_OBJC_IMPLEMENTATIONS = YES;
				CLANG_WARN_DIRECT_OBJC_ISA_USAGE = YES_ERROR;
				CLANG_WARN_DOCUMENTATION_COMMENTS = YES;
				CLANG_WARN_EMPTY_BODY = YES;
				CLANG_WARN_ENUM_CONVERSION = YES;
				CLANG_WARN_INFINITE_RECURSION = YES;
				CLANG_WARN_INT_CONVERSION = YES;
				CLANG_WARN_NON_LITERAL_NULL_CONVERSION = YES;
				CLANG_WARN_OBJC_IMPLICIT_RETAIN_SELF = YES;
				CLANG_WARN_OBJC_LITERAL_CONVERSION = YES;
				CLANG_WARN_OBJC_ROOT_CLASS = YES_ERROR;
				CLANG_WARN_QUOTED_INCLUDE_IN_FRAMEWORK_HEADER = YES;
				CLANG_WARN_RANGE_LOOP_ANALYSIS = YES;
				CLANG_WARN_STRICT_PROTOTYPES = YES;
				CLANG_WARN_SUSPICIOUS_MOVE = YES;
				CLANG_WARN_UNGUARDED_AVAILABILITY = YES_AGGRESSIVE;
				CLANG_WARN_UNREACHABLE_CODE = YES;
				CLANG_WARN__DUPLICATE_METHOD_MATCH = YES;
				COPY_PHASE_STRIP = NO;
				DEBUG_INFORMATION_FORMAT = "dwarf-with-dsym";
				ENABLE_NS_ASSERTIONS = NO;
				ENABLE_STRICT_OBJC_MSGSEND = YES;
				GCC_C_LANGUAGE_STANDARD = gnu11;
				GCC_NO_COMMON_BLOCKS = YES;
				GCC_WARN_64_TO_32_BIT_CONVERSION = YES;
				GCC_WARN_ABOUT_RETURN_TYPE = YES_ERROR;
				GCC_WARN_UNDECLARED_SELECTOR = YES;
				GCC_WARN_UNINITIALIZED_AUTOS = YES_AGGRESSIVE;
				GCC_WARN_UNUSED_FUNCTION = YES;
				GCC_WARN_UNUSED_VARIABLE = YES;
				IPHONEOS_DEPLOYMENT_TARGET = 15.4;
				MTL_ENABLE_DEBUG_INFO = NO;
				MTL_FAST_MATH = YES;
				SDKROOT = iphoneos;
				SWIFT_COMPILATION_MODE = wholemodule;
				SWIFT_OPTIMIZATION_LEVEL = "-O";
				VALIDATE_PRODUCT = YES;
			};
			name = Release;
		};
		22ECB205281ACF6D00825218 /* Debug */ = {
			isa = XCBuildConfiguration;
			baseConfigurationReference = 838F88639C1C17AA875C0502 /* Pods-Carro.debug.xcconfig */;
			buildSettings = {
				ASSETCATALOG_COMPILER_APPICON_NAME = AppIcon;
				ASSETCATALOG_COMPILER_GLOBAL_ACCENT_COLOR_NAME = AccentColor;
				CODE_SIGN_STYLE = Automatic;
				CURRENT_PROJECT_VERSION = 1;
				GENERATE_INFOPLIST_FILE = YES;
				INFOPLIST_FILE = Carro/Info.plist;
				INFOPLIST_KEY_UIApplicationSupportsIndirectInputEvents = YES;
				INFOPLIST_KEY_UILaunchStoryboardName = LaunchScreen;
				INFOPLIST_KEY_UIMainStoryboardFile = Main;
				INFOPLIST_KEY_UISupportedInterfaceOrientations = "UIInterfaceOrientationPortrait UIInterfaceOrientationPortraitUpsideDown";
				INFOPLIST_KEY_UISupportedInterfaceOrientations_iPad = "UIInterfaceOrientationPortrait UIInterfaceOrientationPortraitUpsideDown UIInterfaceOrientationLandscapeLeft UIInterfaceOrientationLandscapeRight";
				INFOPLIST_KEY_UISupportedInterfaceOrientations_iPhone = "UIInterfaceOrientationPortrait UIInterfaceOrientationLandscapeLeft UIInterfaceOrientationLandscapeRight";
				LD_RUNPATH_SEARCH_PATHS = (
					"$(inherited)",
					"@executable_path/Frameworks",
				);
				MARKETING_VERSION = 1.0;
				PRODUCT_BUNDLE_IDENTIFIER = sg.carro.Carro;
				PRODUCT_NAME = "$(TARGET_NAME)";
				SWIFT_EMIT_LOC_STRINGS = YES;
				SWIFT_VERSION = 5.0;
				TARGETED_DEVICE_FAMILY = 1;
			};
			name = Debug;
		};
		22ECB206281ACF6D00825218 /* Release */ = {
			isa = XCBuildConfiguration;
			baseConfigurationReference = 7B3FA95A68EA203DD9E21180 /* Pods-Carro.release.xcconfig */;
			buildSettings = {
				ASSETCATALOG_COMPILER_APPICON_NAME = AppIcon;
				ASSETCATALOG_COMPILER_GLOBAL_ACCENT_COLOR_NAME = AccentColor;
				CODE_SIGN_STYLE = Automatic;
				CURRENT_PROJECT_VERSION = 1;
				GENERATE_INFOPLIST_FILE = YES;
				INFOPLIST_FILE = Carro/Info.plist;
				INFOPLIST_KEY_UIApplicationSupportsIndirectInputEvents = YES;
				INFOPLIST_KEY_UILaunchStoryboardName = LaunchScreen;
				INFOPLIST_KEY_UIMainStoryboardFile = Main;
				INFOPLIST_KEY_UISupportedInterfaceOrientations = "UIInterfaceOrientationPortrait UIInterfaceOrientationPortraitUpsideDown";
				INFOPLIST_KEY_UISupportedInterfaceOrientations_iPad = "UIInterfaceOrientationPortrait UIInterfaceOrientationPortraitUpsideDown UIInterfaceOrientationLandscapeLeft UIInterfaceOrientationLandscapeRight";
				INFOPLIST_KEY_UISupportedInterfaceOrientations_iPhone = "UIInterfaceOrientationPortrait UIInterfaceOrientationLandscapeLeft UIInterfaceOrientationLandscapeRight";
				LD_RUNPATH_SEARCH_PATHS = (
					"$(inherited)",
					"@executable_path/Frameworks",
				);
				MARKETING_VERSION = 1.0;
				PRODUCT_BUNDLE_IDENTIFIER = sg.carro.Carro;
				PRODUCT_NAME = "$(TARGET_NAME)";
				SWIFT_EMIT_LOC_STRINGS = YES;
				SWIFT_VERSION = 5.0;
				TARGETED_DEVICE_FAMILY = 1;
			};
			name = Release;
		};
		22ECB208281ACF6D00825218 /* Debug */ = {
			isa = XCBuildConfiguration;
			baseConfigurationReference = F2ED5B1C78900A529617F3D1 /* Pods-CarroTests.debug.xcconfig */;
			buildSettings = {
				ALWAYS_EMBED_SWIFT_STANDARD_LIBRARIES = YES;
				BUNDLE_LOADER = "$(TEST_HOST)";
				CODE_SIGN_STYLE = Automatic;
				CURRENT_PROJECT_VERSION = 1;
				GENERATE_INFOPLIST_FILE = YES;
				IPHONEOS_DEPLOYMENT_TARGET = 15.4;
				MARKETING_VERSION = 1.0;
				PRODUCT_BUNDLE_IDENTIFIER = sg.carro.CarroTests;
				PRODUCT_NAME = "$(TARGET_NAME)";
				SWIFT_EMIT_LOC_STRINGS = NO;
				SWIFT_VERSION = 5.0;
				TARGETED_DEVICE_FAMILY = "1,2";
				TEST_HOST = "$(BUILT_PRODUCTS_DIR)/Carro.app/Carro";
			};
			name = Debug;
		};
		22ECB209281ACF6D00825218 /* Release */ = {
			isa = XCBuildConfiguration;
			baseConfigurationReference = 0235E9663CC625FCFD7B036D /* Pods-CarroTests.release.xcconfig */;
			buildSettings = {
				ALWAYS_EMBED_SWIFT_STANDARD_LIBRARIES = YES;
				BUNDLE_LOADER = "$(TEST_HOST)";
				CODE_SIGN_STYLE = Automatic;
				CURRENT_PROJECT_VERSION = 1;
				GENERATE_INFOPLIST_FILE = YES;
				IPHONEOS_DEPLOYMENT_TARGET = 15.4;
				MARKETING_VERSION = 1.0;
				PRODUCT_BUNDLE_IDENTIFIER = sg.carro.CarroTests;
				PRODUCT_NAME = "$(TARGET_NAME)";
				SWIFT_EMIT_LOC_STRINGS = NO;
				SWIFT_VERSION = 5.0;
				TARGETED_DEVICE_FAMILY = "1,2";
				TEST_HOST = "$(BUILT_PRODUCTS_DIR)/Carro.app/Carro";
			};
			name = Release;
		};
		22ECB20B281ACF6D00825218 /* Debug */ = {
			isa = XCBuildConfiguration;
			baseConfigurationReference = DD64575E412FC82EBF389BDC /* Pods-Carro-CarroUITests.debug.xcconfig */;
			buildSettings = {
				ALWAYS_EMBED_SWIFT_STANDARD_LIBRARIES = YES;
				CODE_SIGN_STYLE = Automatic;
				CURRENT_PROJECT_VERSION = 1;
				GENERATE_INFOPLIST_FILE = YES;
				MARKETING_VERSION = 1.0;
				PRODUCT_BUNDLE_IDENTIFIER = sg.carro.CarroUITests;
				PRODUCT_NAME = "$(TARGET_NAME)";
				SWIFT_EMIT_LOC_STRINGS = NO;
				SWIFT_VERSION = 5.0;
				TARGETED_DEVICE_FAMILY = "1,2";
				TEST_TARGET_NAME = Carro;
			};
			name = Debug;
		};
		22ECB20C281ACF6D00825218 /* Release */ = {
			isa = XCBuildConfiguration;
			baseConfigurationReference = E4B80B5B64355774359258E1 /* Pods-Carro-CarroUITests.release.xcconfig */;
			buildSettings = {
				ALWAYS_EMBED_SWIFT_STANDARD_LIBRARIES = YES;
				CODE_SIGN_STYLE = Automatic;
				CURRENT_PROJECT_VERSION = 1;
				GENERATE_INFOPLIST_FILE = YES;
				MARKETING_VERSION = 1.0;
				PRODUCT_BUNDLE_IDENTIFIER = sg.carro.CarroUITests;
				PRODUCT_NAME = "$(TARGET_NAME)";
				SWIFT_EMIT_LOC_STRINGS = NO;
				SWIFT_VERSION = 5.0;
				TARGETED_DEVICE_FAMILY = "1,2";
				TEST_TARGET_NAME = Carro;
			};
			name = Release;
		};
/* End XCBuildConfiguration section */

/* Begin XCConfigurationList section */
		22ECB1D5281ACF6700825218 /* Build configuration list for PBXProject "Carro" */ = {
			isa = XCConfigurationList;
			buildConfigurations = (
				22ECB202281ACF6D00825218 /* Debug */,
				22ECB203281ACF6D00825218 /* Release */,
			);
			defaultConfigurationIsVisible = 0;
			defaultConfigurationName = Release;
		};
		22ECB204281ACF6D00825218 /* Build configuration list for PBXNativeTarget "Carro" */ = {
			isa = XCConfigurationList;
			buildConfigurations = (
				22ECB205281ACF6D00825218 /* Debug */,
				22ECB206281ACF6D00825218 /* Release */,
			);
			defaultConfigurationIsVisible = 0;
			defaultConfigurationName = Release;
		};
		22ECB207281ACF6D00825218 /* Build configuration list for PBXNativeTarget "CarroTests" */ = {
			isa = XCConfigurationList;
			buildConfigurations = (
				22ECB208281ACF6D00825218 /* Debug */,
				22ECB209281ACF6D00825218 /* Release */,
			);
			defaultConfigurationIsVisible = 0;
			defaultConfigurationName = Release;
		};
		22ECB20A281ACF6D00825218 /* Build configuration list for PBXNativeTarget "CarroUITests" */ = {
			isa = XCConfigurationList;
			buildConfigurations = (
				22ECB20B281ACF6D00825218 /* Debug */,
				22ECB20C281ACF6D00825218 /* Release */,
			);
			defaultConfigurationIsVisible = 0;
			defaultConfigurationName = Release;
		};
/* End XCConfigurationList section */
	};
	rootObject = 22ECB1D2281ACF6700825218 /* Project object */;
}
